
Microsoft Visual Studio Solution File, Format Version 12.00
# Visual Studio Version 17
VisualStudioVersion = 17.6.33801.468
MinimumVisualStudioVersion = 10.0.40219.1
Project("{9A19103F-16F7-4668-BE54-9A1E7A4F7556}") = "WebApplicationProjeto", "WebApplicationProjeto.csproj", "{96FD8A2B-A89A-4E3E-95F4-A0ABF171F7E5}"
EndProject
Project("{2150E333-8FDC-42A3-9474-1A3956D46DE8}") = "Itens de Solução", "Itens de Solução", "{9C4BD358-BA0D-47A2-90F8-8FADA5795660}"
	ProjectSection(SolutionItems) = preProject
		Resource.resx = Resource.resx
	EndProjectSection
EndProject
Global
	GlobalSection(SolutionConfigurationPlatforms) = preSolution
		Debug|Any CPU = Debug|Any CPU
		Release|Any CPU = Release|Any CPU
	EndGlobalSection
	GlobalSection(ProjectConfigurationPlatforms) = postSolution
		{96FD8A2B-A89A-4E3E-95F4-A0ABF171F7E5}.Debug|Any CPU.ActiveCfg = Debug|Any CPU
		{96FD8A2B-A89A-4E3E-95F4-A0ABF171F7E5}.Debug|Any CPU.Build.0 = Debug|Any CPU
		{96FD8A2B-A89A-4E3E-95F4-A0ABF171F7E5}.Release|Any CPU.ActiveCfg = Release|Any CPU
		{96FD8A2B-A89A-4E3E-95F4-A0ABF171F7E5}.Release|Any CPU.Build.0 = Release|Any CPU
	EndGlobalSection
	GlobalSection(SolutionProperties) = preSolution
		HideSolutionNode = FALSE
	EndGlobalSection
	GlobalSection(ExtensibilityGlobals) = postSolution
		SolutionGuid = {8FF95969-F527-4958-B19E-CBB10B1B215B}
	EndGlobalSection
EndGlobal
